// !$*UTF8*$!
{
	archiveVersion = 1;
	classes = {
	};
	objectVersion = 46;
	objects = {

/* Begin PBXBuildFile section */
		9700B8741EBECD4B00ECF886 /* AppDelegate.swift in Sources */ = {isa = PBXBuildFile; fileRef = 9700B8731EBECD4B00ECF886 /* AppDelegate.swift */; };
		9700B8761EBECD4B00ECF886 /* ViewController.swift in Sources */ = {isa = PBXBuildFile; fileRef = 9700B8751EBECD4B00ECF886 /* ViewController.swift */; };
		9700B8791EBECD4B00ECF886 /* Main.storyboard in Resources */ = {isa = PBXBuildFile; fileRef = 9700B8771EBECD4B00ECF886 /* Main.storyboard */; };
		9700B87B1EBECD4B00ECF886 /* Assets.xcassets in Resources */ = {isa = PBXBuildFile; fileRef = 9700B87A1EBECD4B00ECF886 /* Assets.xcassets */; };
		9700B87E1EBECD4B00ECF886 /* LaunchScreen.storyboard in Resources */ = {isa = PBXBuildFile; fileRef = 9700B87C1EBECD4B00ECF886 /* LaunchScreen.storyboard */; };
		9700B8891EBED6A800ECF886 /* Artist.swift in Sources */ = {isa = PBXBuildFile; fileRef = 9700B8881EBED6A800ECF886 /* Artist.swift */; };
		9700B88B1EBED79C00ECF886 /* Genre.swift in Sources */ = {isa = PBXBuildFile; fileRef = 9700B88A1EBED79C00ECF886 /* Genre.swift */; };
		9700B88D1EBED82D00ECF886 /* Album.swift in Sources */ = {isa = PBXBuildFile; fileRef = 9700B88C1EBED82C00ECF886 /* Album.swift */; };
		9700B88F1EBEE4B800ECF886 /* Songs.swift in Sources */ = {isa = PBXBuildFile; fileRef = 9700B88E1EBEE4B800ECF886 /* Songs.swift */; };
		9700B8911EBEEE5500ECF886 /* Stub.swift in Sources */ = {isa = PBXBuildFile; fileRef = 9700B8901EBEEE5500ECF886 /* Stub.swift */; };
		9700B8931EBEF93700ECF886 /* SearchResultsTableViewController.swift in Sources */ = {isa = PBXBuildFile; fileRef = 9700B8921EBEF93700ECF886 /* SearchResultsTableViewController.swift */; };
		9700B8961EBF079600ECF886 /* SearchResultDataSource.swift in Sources */ = {isa = PBXBuildFile; fileRef = 9700B8951EBF079600ECF886 /* SearchResultDataSource.swift */; };
		9700B8981EBF786F00ECF886 /* AlbumListController.swift in Sources */ = {isa = PBXBuildFile; fileRef = 9700B8971EBF786F00ECF886 /* AlbumListController.swift */; };
		9700B89A1EBF7A9A00ECF886 /* AlbumCell.swift in Sources */ = {isa = PBXBuildFile; fileRef = 9700B8991EBF7A9A00ECF886 /* AlbumCell.swift */; };
		9700B89C1EBF934200ECF886 /* AlbumListDataSource.swift in Sources */ = {isa = PBXBuildFile; fileRef = 9700B89B1EBF934200ECF886 /* AlbumListDataSource.swift */; };
		9700B89F1EBF9B3200ECF886 /* AlbumCellViewModel.swift in Sources */ = {isa = PBXBuildFile; fileRef = 9700B89E1EBF9B3200ECF886 /* AlbumCellViewModel.swift */; };
		97A897FD1EBFB6DB00195136 /* AlbumDetailsViewController.swift in Sources */ = {isa = PBXBuildFile; fileRef = 97A897FC1EBFB6DB00195136 /* AlbumDetailsViewController.swift */; };
		97A897FF1EBFBC6D00195136 /* AlbumDetailViewModel.swift in Sources */ = {isa = PBXBuildFile; fileRef = 97A897FE1EBFBC6D00195136 /* AlbumDetailViewModel.swift */; };
		97A898051EBFF31500195136 /* SongCell.swift in Sources */ = {isa = PBXBuildFile; fileRef = 97A898041EBFF31500195136 /* SongCell.swift */; };
		97A898071EBFF95500195136 /* SongViewModel.swift in Sources */ = {isa = PBXBuildFile; fileRef = 97A898061EBFF95500195136 /* SongViewModel.swift */; };
		97A898091EBFFD6200195136 /* AlbumDetailsDataSource.swift in Sources */ = {isa = PBXBuildFile; fileRef = 97A898081EBFFD6200195136 /* AlbumDetailsDataSource.swift */; };
/* End PBXBuildFile section */

/* Begin PBXFileReference section */
		9700B8701EBECD4B00ECF886 /* iTunesClient.app */ = {isa = PBXFileReference; explicitFileType = wrapper.application; includeInIndex = 0; path = iTunesClient.app; sourceTree = BUILT_PRODUCTS_DIR; };
		9700B8731EBECD4B00ECF886 /* AppDelegate.swift */ = {isa = PBXFileReference; lastKnownFileType = sourcecode.swift; path = AppDelegate.swift; sourceTree = "<group>"; };
		9700B8751EBECD4B00ECF886 /* ViewController.swift */ = {isa = PBXFileReference; lastKnownFileType = sourcecode.swift; path = ViewController.swift; sourceTree = "<group>"; };
		9700B8781EBECD4B00ECF886 /* Base */ = {isa = PBXFileReference; lastKnownFileType = file.storyboard; name = Base; path = Base.lproj/Main.storyboard; sourceTree = "<group>"; };
		9700B87A1EBECD4B00ECF886 /* Assets.xcassets */ = {isa = PBXFileReference; lastKnownFileType = folder.assetcatalog; path = Assets.xcassets; sourceTree = "<group>"; };
		9700B87D1EBECD4B00ECF886 /* Base */ = {isa = PBXFileReference; lastKnownFileType = file.storyboard; name = Base; path = Base.lproj/LaunchScreen.storyboard; sourceTree = "<group>"; };
		9700B87F1EBECD4B00ECF886 /* Info.plist */ = {isa = PBXFileReference; lastKnownFileType = text.plist.xml; path = Info.plist; sourceTree = "<group>"; };
		9700B8881EBED6A800ECF886 /* Artist.swift */ = {isa = PBXFileReference; fileEncoding = 4; lastKnownFileType = sourcecode.swift; path = Artist.swift; sourceTree = "<group>"; };
		9700B88A1EBED79C00ECF886 /* Genre.swift */ = {isa = PBXFileReference; fileEncoding = 4; lastKnownFileType = sourcecode.swift; path = Genre.swift; sourceTree = "<group>"; };
		9700B88C1EBED82C00ECF886 /* Album.swift */ = {isa = PBXFileReference; fileEncoding = 4; lastKnownFileType = sourcecode.swift; path = Album.swift; sourceTree = "<group>"; };
		9700B88E1EBEE4B800ECF886 /* Songs.swift */ = {isa = PBXFileReference; fileEncoding = 4; lastKnownFileType = sourcecode.swift; path = Songs.swift; sourceTree = "<group>"; };
		9700B8901EBEEE5500ECF886 /* Stub.swift */ = {isa = PBXFileReference; fileEncoding = 4; lastKnownFileType = sourcecode.swift; path = Stub.swift; sourceTree = "<group>"; };
		9700B8921EBEF93700ECF886 /* SearchResultsTableViewController.swift */ = {isa = PBXFileReference; fileEncoding = 4; lastKnownFileType = sourcecode.swift; path = SearchResultsTableViewController.swift; sourceTree = "<group>"; };
		9700B8951EBF079600ECF886 /* SearchResultDataSource.swift */ = {isa = PBXFileReference; fileEncoding = 4; lastKnownFileType = sourcecode.swift; path = SearchResultDataSource.swift; sourceTree = "<group>"; };
		9700B8971EBF786F00ECF886 /* AlbumListController.swift */ = {isa = PBXFileReference; fileEncoding = 4; lastKnownFileType = sourcecode.swift; path = AlbumListController.swift; sourceTree = "<group>"; };
		9700B8991EBF7A9A00ECF886 /* AlbumCell.swift */ = {isa = PBXFileReference; fileEncoding = 4; lastKnownFileType = sourcecode.swift; path = AlbumCell.swift; sourceTree = "<group>"; };
		9700B89B1EBF934200ECF886 /* AlbumListDataSource.swift */ = {isa = PBXFileReference; fileEncoding = 4; lastKnownFileType = sourcecode.swift; path = AlbumListDataSource.swift; sourceTree = "<group>"; };
		9700B89E1EBF9B3200ECF886 /* AlbumCellViewModel.swift */ = {isa = PBXFileReference; fileEncoding = 4; lastKnownFileType = sourcecode.swift; path = AlbumCellViewModel.swift; sourceTree = "<group>"; };
		97A897FC1EBFB6DB00195136 /* AlbumDetailsViewController.swift */ = {isa = PBXFileReference; fileEncoding = 4; lastKnownFileType = sourcecode.swift; path = AlbumDetailsViewController.swift; sourceTree = "<group>"; };
		97A897FE1EBFBC6D00195136 /* AlbumDetailViewModel.swift */ = {isa = PBXFileReference; fileEncoding = 4; lastKnownFileType = sourcecode.swift; path = AlbumDetailViewModel.swift; sourceTree = "<group>"; };
		97A898041EBFF31500195136 /* SongCell.swift */ = {isa = PBXFileReference; fileEncoding = 4; lastKnownFileType = sourcecode.swift; path = SongCell.swift; sourceTree = "<group>"; };
		97A898061EBFF95500195136 /* SongViewModel.swift */ = {isa = PBXFileReference; fileEncoding = 4; lastKnownFileType = sourcecode.swift; path = SongViewModel.swift; sourceTree = "<group>"; };
		97A898081EBFFD6200195136 /* AlbumDetailsDataSource.swift */ = {isa = PBXFileReference; fileEncoding = 4; lastKnownFileType = sourcecode.swift; path = AlbumDetailsDataSource.swift; sourceTree = "<group>"; };
/* End PBXFileReference section */

/* Begin PBXFrameworksBuildPhase section */
		9700B86D1EBECD4B00ECF886 /* Frameworks */ = {
			isa = PBXFrameworksBuildPhase;
			buildActionMask = 2147483647;
			files = (
			);
			runOnlyForDeploymentPostprocessing = 0;
		};
/* End PBXFrameworksBuildPhase section */

/* Begin PBXGroup section */
		9700B8671EBECD4B00ECF886 = {
			isa = PBXGroup;
			children = (
				9700B8721EBECD4B00ECF886 /* iTunesClient */,
				9700B8711EBECD4B00ECF886 /* Products */,
			);
			sourceTree = "<group>";
		};
		9700B8711EBECD4B00ECF886 /* Products */ = {
			isa = PBXGroup;
			children = (
				9700B8701EBECD4B00ECF886 /* iTunesClient.app */,
			);
			name = Products;
			sourceTree = "<group>";
		};
		9700B8721EBECD4B00ECF886 /* iTunesClient */ = {
			isa = PBXGroup;
			children = (
				9700B89D1EBF9B1700ECF886 /* View Model */,
				9700B8941EBF076100ECF886 /* Data Sources */,
				9700B8871EBED68500ECF886 /* Views */,
				9700B8861EBED67A00ECF886 /* Controllers */,
				9700B8851EBED67000ECF886 /* Models */,
				9700B8731EBECD4B00ECF886 /* AppDelegate.swift */,
				9700B8771EBECD4B00ECF886 /* Main.storyboard */,
				9700B87A1EBECD4B00ECF886 /* Assets.xcassets */,
				9700B87C1EBECD4B00ECF886 /* LaunchScreen.storyboard */,
				9700B87F1EBECD4B00ECF886 /* Info.plist */,
			);
			path = iTunesClient;
			sourceTree = "<group>";
		};
		9700B8851EBED67000ECF886 /* Models */ = {
			isa = PBXGroup;
			children = (
				9700B8881EBED6A800ECF886 /* Artist.swift */,
				9700B88A1EBED79C00ECF886 /* Genre.swift */,
				9700B88C1EBED82C00ECF886 /* Album.swift */,
				9700B88E1EBEE4B800ECF886 /* Songs.swift */,
				9700B8901EBEEE5500ECF886 /* Stub.swift */,
			);
			name = Models;
			sourceTree = "<group>";
		};
		9700B8861EBED67A00ECF886 /* Controllers */ = {
			isa = PBXGroup;
			children = (
				9700B8751EBECD4B00ECF886 /* ViewController.swift */,
				9700B8921EBEF93700ECF886 /* SearchResultsTableViewController.swift */,
				9700B8971EBF786F00ECF886 /* AlbumListController.swift */,
				97A897FC1EBFB6DB00195136 /* AlbumDetailsViewController.swift */,
			);
			name = Controllers;
			sourceTree = "<group>";
		};
		9700B8871EBED68500ECF886 /* Views */ = {
			isa = PBXGroup;
			children = (
				9700B8991EBF7A9A00ECF886 /* AlbumCell.swift */,
				97A898041EBFF31500195136 /* SongCell.swift */,
			);
			name = Views;
			sourceTree = "<group>";
		};
		9700B8941EBF076100ECF886 /* Data Sources */ = {
			isa = PBXGroup;
			children = (
				9700B8951EBF079600ECF886 /* SearchResultDataSource.swift */,
				9700B89B1EBF934200ECF886 /* AlbumListDataSource.swift */,
				97A898081EBFFD6200195136 /* AlbumDetailsDataSource.swift */,
			);
			name = "Data Sources";
			sourceTree = "<group>";
		};
		9700B89D1EBF9B1700ECF886 /* View Model */ = {
			isa = PBXGroup;
			children = (
				9700B89E1EBF9B3200ECF886 /* AlbumCellViewModel.swift */,
				97A897FE1EBFBC6D00195136 /* AlbumDetailViewModel.swift */,
				97A898061EBFF95500195136 /* SongViewModel.swift */,
			);
			name = "View Model";
			sourceTree = "<group>";
		};
/* End PBXGroup section */

/* Begin PBXNativeTarget section */
		9700B86F1EBECD4B00ECF886 /* iTunesClient */ = {
			isa = PBXNativeTarget;
			buildConfigurationList = 9700B8821EBECD4B00ECF886 /* Build configuration list for PBXNativeTarget "iTunesClient" */;
			buildPhases = (
				9700B86C1EBECD4B00ECF886 /* Sources */,
				9700B86D1EBECD4B00ECF886 /* Frameworks */,
				9700B86E1EBECD4B00ECF886 /* Resources */,
			);
			buildRules = (
			);
			dependencies = (
			);
			name = iTunesClient;
			productName = iTunesClient;
			productReference = 9700B8701EBECD4B00ECF886 /* iTunesClient.app */;
			productType = "com.apple.product-type.application";
		};
/* End PBXNativeTarget section */

/* Begin PBXProject section */
		9700B8681EBECD4B00ECF886 /* Project object */ = {
			isa = PBXProject;
			attributes = {
				LastSwiftUpdateCheck = 0830;
				LastUpgradeCheck = 0830;
				ORGANIZATIONNAME = ManishChaturvedi;
				TargetAttributes = {
					9700B86F1EBECD4B00ECF886 = {
						CreatedOnToolsVersion = 8.3;
						DevelopmentTeam = 8S22VYC6EE;
						ProvisioningStyle = Automatic;
					};
				};
			};
			buildConfigurationList = 9700B86B1EBECD4B00ECF886 /* Build configuration list for PBXProject "iTunesClient" */;
			compatibilityVersion = "Xcode 3.2";
			developmentRegion = English;
			hasScannedForEncodings = 0;
			knownRegions = (
				en,
				Base,
			);
			mainGroup = 9700B8671EBECD4B00ECF886;
			productRefGroup = 9700B8711EBECD4B00ECF886 /* Products */;
			projectDirPath = "";
			projectRoot = "";
			targets = (
				9700B86F1EBECD4B00ECF886 /* iTunesClient */,
			);
		};
/* End PBXProject section */

/* Begin PBXResourcesBuildPhase section */
		9700B86E1EBECD4B00ECF886 /* Resources */ = {
			isa = PBXResourcesBuildPhase;
			buildActionMask = 2147483647;
			files = (
				9700B87E1EBECD4B00ECF886 /* LaunchScreen.storyboard in Resources */,
				9700B87B1EBECD4B00ECF886 /* Assets.xcassets in Resources */,
				9700B8791EBECD4B00ECF886 /* Main.storyboard in Resources */,
			);
			runOnlyForDeploymentPostprocessing = 0;
		};
/* End PBXResourcesBuildPhase section */

/* Begin PBXSourcesBuildPhase section */
		9700B86C1EBECD4B00ECF886 /* Sources */ = {
			isa = PBXSourcesBuildPhase;
			buildActionMask = 2147483647;
			files = (
				9700B8931EBEF93700ECF886 /* SearchResultsTableViewController.swift in Sources */,
				9700B88F1EBEE4B800ECF886 /* Songs.swift in Sources */,
				9700B8891EBED6A800ECF886 /* Artist.swift in Sources */,
				9700B8761EBECD4B00ECF886 /* ViewController.swift in Sources */,
				9700B89C1EBF934200ECF886 /* AlbumListDataSource.swift in Sources */,
				9700B8961EBF079600ECF886 /* SearchResultDataSource.swift in Sources */,
				97A897FD1EBFB6DB00195136 /* AlbumDetailsViewController.swift in Sources */,
				97A898071EBFF95500195136 /* SongViewModel.swift in Sources */,
				9700B8981EBF786F00ECF886 /* AlbumListController.swift in Sources */,
				9700B8741EBECD4B00ECF886 /* AppDelegate.swift in Sources */,
				97A898051EBFF31500195136 /* SongCell.swift in Sources */,
				9700B89F1EBF9B3200ECF886 /* AlbumCellViewModel.swift in Sources */,
				9700B88B1EBED79C00ECF886 /* Genre.swift in Sources */,
				9700B88D1EBED82D00ECF886 /* Album.swift in Sources */,
				9700B89A1EBF7A9A00ECF886 /* AlbumCell.swift in Sources */,
				9700B8911EBEEE5500ECF886 /* Stub.swift in Sources */,
				97A898091EBFFD6200195136 /* AlbumDetailsDataSource.swift in Sources */,
				97A897FF1EBFBC6D00195136 /* AlbumDetailViewModel.swift in Sources */,
			);
			runOnlyForDeploymentPostprocessing = 0;
		};
/* End PBXSourcesBuildPhase section */

/* Begin PBXVariantGroup section */
		9700B8771EBECD4B00ECF886 /* Main.storyboard */ = {
			isa = PBXVariantGroup;
			children = (
				9700B8781EBECD4B00ECF886 /* Base */,
			);
			name = Main.storyboard;
			sourceTree = "<group>";
		};
		9700B87C1EBECD4B00ECF886 /* LaunchScreen.storyboard */ = {
			isa = PBXVariantGroup;
			children = (
				9700B87D1EBECD4B00ECF886 /* Base */,
			);
			name = LaunchScreen.storyboard;
			sourceTree = "<group>";
		};
/* End PBXVariantGroup section */

/* Begin XCBuildConfiguration section */
		9700B8801EBECD4B00ECF886 /* Debug */ = {
			isa = XCBuildConfiguration;
			buildSettings = {
				ALWAYS_SEARCH_USER_PATHS = NO;
				CLANG_ANALYZER_NONNULL = YES;
				CLANG_ANALYZER_NUMBER_OBJECT_CONVERSION = YES_AGGRESSIVE;
				CLANG_CXX_LANGUAGE_STANDARD = "gnu++0x";
				CLANG_CXX_LIBRARY = "libc++";
				CLANG_ENABLE_MODULES = YES;
				CLANG_ENABLE_OBJC_ARC = YES;
				CLANG_WARN_BOOL_CONVERSION = YES;
				CLANG_WARN_CONSTANT_CONVERSION = YES;
				CLANG_WARN_DIRECT_OBJC_ISA_USAGE = YES_ERROR;
				CLANG_WARN_DOCUMENTATION_COMMENTS = YES;
				CLANG_WARN_EMPTY_BODY = YES;
				CLANG_WARN_ENUM_CONVERSION = YES;
				CLANG_WARN_INFINITE_RECURSION = YES;
				CLANG_WARN_INT_CONVERSION = YES;
				CLANG_WARN_OBJC_ROOT_CLASS = YES_ERROR;
				CLANG_WARN_SUSPICIOUS_MOVE = YES;
				CLANG_WARN_UNREACHABLE_CODE = YES;
				CLANG_WARN__DUPLICATE_METHOD_MATCH = YES;
				"CODE_SIGN_IDENTITY[sdk=iphoneos*]" = "iPhone Developer";
				COPY_PHASE_STRIP = NO;
				DEBUG_INFORMATION_FORMAT = dwarf;
				ENABLE_STRICT_OBJC_MSGSEND = YES;
				ENABLE_TESTABILITY = YES;
				GCC_C_LANGUAGE_STANDARD = gnu99;
				GCC_DYNAMIC_NO_PIC = NO;
				GCC_NO_COMMON_BLOCKS = YES;
				GCC_OPTIMIZATION_LEVEL = 0;
				GCC_PREPROCESSOR_DEFINITIONS = (
					"DEBUG=1",
					"$(inherited)",
				);
				GCC_WARN_64_TO_32_BIT_CONVERSION = YES;
				GCC_WARN_ABOUT_RETURN_TYPE = YES_ERROR;
				GCC_WARN_UNDECLARED_SELECTOR = YES;
				GCC_WARN_UNINITIALIZED_AUTOS = YES_AGGRESSIVE;
				GCC_WARN_UNUSED_FUNCTION = YES;
				GCC_WARN_UNUSED_VARIABLE = YES;
				IPHONEOS_DEPLOYMENT_TARGET = 10.3;
				MTL_ENABLE_DEBUG_INFO = YES;
				ONLY_ACTIVE_ARCH = YES;
				SDKROOT = iphoneos;
				SWIFT_ACTIVE_COMPILATION_CONDITIONS = DEBUG;
				SWIFT_OPTIMIZATION_LEVEL = "-Onone";
			};
			name = Debug;
		};
		9700B8811EBECD4B00ECF886 /* Release */ = {
			isa = XCBuildConfiguration;
			buildSettings = {
				ALWAYS_SEARCH_USER_PATHS = NO;
				CLANG_ANALYZER_NONNULL = YES;
				CLANG_ANALYZER_NUMBER_OBJECT_CONVERSION = YES_AGGRESSIVE;
				CLANG_CXX_LANGUAGE_STANDARD = "gnu++0x";
				CLANG_CXX_LIBRARY = "libc++";
				CLANG_ENABLE_MODULES = YES;
				CLANG_ENABLE_OBJC_ARC = YES;
				CLANG_WARN_BOOL_CONVERSION = YES;
				CLANG_WARN_CONSTANT_CONVERSION = YES;
				CLANG_WARN_DIRECT_OBJC_ISA_USAGE = YES_ERROR;
				CLANG_WARN_DOCUMENTATION_COMMENTS = YES;
				CLANG_WARN_EMPTY_BODY = YES;
				CLANG_WARN_ENUM_CONVERSION = YES;
				CLANG_WARN_INFINITE_RECURSION = YES;
				CLANG_WARN_INT_CONVERSION = YES;
				CLANG_WARN_OBJC_ROOT_CLASS = YES_ERROR;
				CLANG_WARN_SUSPICIOUS_MOVE = YES;
				CLANG_WARN_UNREACHABLE_CODE = YES;
				CLANG_WARN__DUPLICATE_METHOD_MATCH = YES;
				"CODE_SIGN_IDENTITY[sdk=iphoneos*]" = "iPhone Developer";
				COPY_PHASE_STRIP = NO;
				DEBUG_INFORMATION_FORMAT = "dwarf-with-dsym";
				ENABLE_NS_ASSERTIONS = NO;
				ENABLE_STRICT_OBJC_MSGSEND = YES;
				GCC_C_LANGUAGE_STANDARD = gnu99;
				GCC_NO_COMMON_BLOCKS = YES;
				GCC_WARN_64_TO_32_BIT_CONVERSION = YES;
				GCC_WARN_ABOUT_RETURN_TYPE = YES_ERROR;
				GCC_WARN_UNDECLARED_SELECTOR = YES;
				GCC_WARN_UNINITIALIZED_AUTOS = YES_AGGRESSIVE;
				GCC_WARN_UNUSED_FUNCTION = YES;
				GCC_WARN_UNUSED_VARIABLE = YES;
				IPHONEOS_DEPLOYMENT_TARGET = 10.3;
				MTL_ENABLE_DEBUG_INFO = NO;
				SDKROOT = iphoneos;
				SWIFT_OPTIMIZATION_LEVEL = "-Owholemodule";
				VALIDATE_PRODUCT = YES;
			};
			name = Release;
		};
		9700B8831EBECD4B00ECF886 /* Debug */ = {
			isa = XCBuildConfiguration;
			buildSettings = {
				ASSETCATALOG_COMPILER_APPICON_NAME = AppIcon;
				DEVELOPMENT_TEAM = 8S22VYC6EE;
				INFOPLIST_FILE = iTunesClient/Info.plist;
				LD_RUNPATH_SEARCH_PATHS = "$(inherited) @executable_path/Frameworks";
				PRODUCT_BUNDLE_IDENTIFIER = com.Apple.Manish.iTunesClient;
				PRODUCT_NAME = "$(TARGET_NAME)";
				SWIFT_VERSION = 3.0;
			};
			name = Debug;
		};
		9700B8841EBECD4B00ECF886 /* Release */ = {
			isa = XCBuildConfiguration;
			buildSettings = {
				ASSETCATALOG_COMPILER_APPICON_NAME = AppIcon;
				DEVELOPMENT_TEAM = 8S22VYC6EE;
				INFOPLIST_FILE = iTunesClient/Info.plist;
				LD_RUNPATH_SEARCH_PATHS = "$(inherited) @executable_path/Frameworks";
				PRODUCT_BUNDLE_IDENTIFIER = com.Apple.Manish.iTunesClient;
				PRODUCT_NAME = "$(TARGET_NAME)";
				SWIFT_VERSION = 3.0;
			};
			name = Release;
		};
/* End XCBuildConfiguration section */

/* Begin XCConfigurationList section */
		9700B86B1EBECD4B00ECF886 /* Build configuration list for PBXProject "iTunesClient" */ = {
			isa = XCConfigurationList;
			buildConfigurations = (
				9700B8801EBECD4B00ECF886 /* Debug */,
				9700B8811EBECD4B00ECF886 /* Release */,
			);
			defaultConfigurationIsVisible = 0;
			defaultConfigurationName = Release;
		};
		9700B8821EBECD4B00ECF886 /* Build configuration list for PBXNativeTarget "iTunesClient" */ = {
			isa = XCConfigurationList;
			buildConfigurations = (
				9700B8831EBECD4B00ECF886 /* Debug */,
				9700B8841EBECD4B00ECF886 /* Release */,
			);
			defaultConfigurationIsVisible = 0;
			defaultConfigurationName = Release;
		};
/* End XCConfigurationList section */
	};
	rootObject = 9700B8681EBECD4B00ECF886 /* Project object */;
}
